{
  "version": 4,
  "terraform_version": "1.11.4",
  "serial": 18,
  "lineage": "00776bff-edf6-7b5d-2bc3-9ebc415fce7a",
  "outputs": {
    "keyspace_arn": {
      "value": "arn:aws:cassandra:us-east-1:140023369634:/keyspace/presentekeyspaces/",
      "type": "string"
    },
    "keyspace_name": {
      "value": "presentekeyspaces",
      "type": "string"
    },
    "table_arns": {
      "value": {
        "tbx0244_ctrl_autr_crto_debt": "arn:aws:cassandra:us-east-1:140023369634:/keyspace/presentekeyspaces/table/tbx0244_ctrl_autr_crto_debt",
        "tbx0245_ctrl_cadl_aprx": "arn:aws:cassandra:us-east-1:140023369634:/keyspace/presentekeyspaces/table/tbx0245_ctrl_cadl_aprx",
        "tbx0246_ctrl_cadl_clie": "arn:aws:cassandra:us-east-1:140023369634:/keyspace/presentekeyspaces/table/tbx0246_ctrl_cadl_clie",
        "tbx0247_ctrl_cadl_cont": "arn:aws:cassandra:us-east-1:140023369634:/keyspace/presentekeyspaces/table/tbx0247_ctrl_cadl_cont"
      },
      "type": [
        "object",
        {
          "tbx0244_ctrl_autr_crto_debt": "string",
          "tbx0245_ctrl_cadl_aprx": "string",
          "tbx0246_ctrl_cadl_clie": "string",
          "tbx0247_ctrl_cadl_cont": "string"
        }
      ]
    }
  },
  "resources": [
    {
      "mode": "managed",
      "type": "aws_keyspaces_keyspace",
      "name": "presente",
      "provider": "provider[\"registry.terraform.io/hashicorp/aws\"]",
      "instances": [
        {
          "schema_version": 0,
          "attributes": {
            "arn": "arn:aws:cassandra:us-east-1:140023369634:/keyspace/presentekeyspaces/",
            "id": "presentekeyspaces",
            "name": "presentekeyspaces",
            "replication_specification": [
              {
                "region_list": [],
                "replication_strategy": "SINGLE_REGION"
              }
            ],
            "tags": {
              "Project": "painel-autorizador-debito"
            },
            "tags_all": {
              "Project": "painel-autorizador-debito"
            },
            "timeouts": null
          },
          "sensitive_attributes": [],
          "private": "eyJlMmJmYjczMC1lY2FhLTExZTYtOGY4OC0zNDM2M2JjN2M0YzAiOnsiY3JlYXRlIjo2MDAwMDAwMDAwMCwiZGVsZXRlIjo2MDAwMDAwMDAwMH19"
        }
      ]
    },
    {
      "mode": "managed",
      "type": "aws_keyspaces_table",
      "name": "tbx0244_ctrl_autr_crto_debt",
      "provider": "provider[\"registry.terraform.io/hashicorp/aws\"]",
      "instances": [
        {
          "schema_version": 0,
          "attributes": {
            "arn": "arn:aws:cassandra:us-east-1:140023369634:/keyspace/presentekeyspaces/table/tbx0244_ctrl_autr_crto_debt",
            "capacity_specification": [
              {
                "read_capacity_units": 0,
                "throughput_mode": "PAY_PER_REQUEST",
                "write_capacity_units": 0
              }
            ],
            "client_side_timestamps": [],
            "comment": [
              {
                "message": ""
              }
            ],
            "default_time_to_live": 0,
            "encryption_specification": [
              {
                "kms_key_identifier": "",
                "type": "AWS_OWNED_KMS_KEY"
              }
            ],
            "id": "presentekeyspaces/tbx0244_ctrl_autr_crto_debt",
            "keyspace_name": "presentekeyspaces",
            "point_in_time_recovery": [
              {
                "status": "DISABLED"
              }
            ],
            "schema_definition": [
              {
                "clustering_key": [],
                "column": [
                  {
                    "name": "num_crto",
                    "type": "text"
                  },
                  {
                    "name": "txt_objt_crto",
                    "type": "text"
                  }
                ],
                "partition_key": [
                  {
                    "name": "num_crto"
                  }
                ],
                "static_column": []
              }
            ],
            "table_name": "tbx0244_ctrl_autr_crto_debt",
            "tags": {
              "Project": "painel-autorizador-debito"
            },
            "tags_all": {
              "Project": "painel-autorizador-debito"
            },
            "timeouts": null,
            "ttl": []
          },
          "sensitive_attributes": [],
          "private": "eyJlMmJmYjczMC1lY2FhLTExZTYtOGY4OC0zNDM2M2JjN2M0YzAiOnsiY3JlYXRlIjo2MDAwMDAwMDAwMDAsImRlbGV0ZSI6NjAwMDAwMDAwMDAwLCJ1cGRhdGUiOjE4MDAwMDAwMDAwMDB9fQ==",
          "dependencies": [
            "aws_keyspaces_keyspace.presente"
          ]
        }
      ]
    },
    {
      "mode": "managed",
      "type": "aws_keyspaces_table",
      "name": "tbx0245_ctrl_cadl_aprx",
      "provider": "provider[\"registry.terraform.io/hashicorp/aws\"]",
      "instances": [
        {
          "schema_version": 0,
          "attributes": {
            "arn": "arn:aws:cassandra:us-east-1:140023369634:/keyspace/presentekeyspaces/table/tbx0245_ctrl_cadl_aprx",
            "capacity_specification": [
              {
                "read_capacity_units": 0,
                "throughput_mode": "PAY_PER_REQUEST",
                "write_capacity_units": 0
              }
            ],
            "client_side_timestamps": [],
            "comment": [
              {
                "message": ""
              }
            ],
            "default_time_to_live": 0,
            "encryption_specification": [
              {
                "kms_key_identifier": "",
                "type": "AWS_OWNED_KMS_KEY"
              }
            ],
            "id": "presentekeyspaces/tbx0245_ctrl_cadl_aprx",
            "keyspace_name": "presentekeyspaces",
            "point_in_time_recovery": [
              {
                "status": "DISABLED"
              }
            ],
            "schema_definition": [
              {
                "clustering_key": [],
                "column": [
                  {
                    "name": "cod_unic_rfrc_crto",
                    "type": "text"
                  },
                  {
                    "name": "txt_objt_aprx",
                    "type": "text"
                  }
                ],
                "partition_key": [
                  {
                    "name": "cod_unic_rfrc_crto"
                  }
                ],
                "static_column": []
              }
            ],
            "table_name": "tbx0245_ctrl_cadl_aprx",
            "tags": {
              "Project": "painel-autorizador-debito"
            },
            "tags_all": {
              "Project": "painel-autorizador-debito"
            },
            "timeouts": null,
            "ttl": []
          },
          "sensitive_attributes": [],
          "private": "eyJlMmJmYjczMC1lY2FhLTExZTYtOGY4OC0zNDM2M2JjN2M0YzAiOnsiY3JlYXRlIjo2MDAwMDAwMDAwMDAsImRlbGV0ZSI6NjAwMDAwMDAwMDAwLCJ1cGRhdGUiOjE4MDAwMDAwMDAwMDB9fQ==",
          "dependencies": [
            "aws_keyspaces_keyspace.presente"
          ]
        }
      ]
    },
    {
      "mode": "managed",
      "type": "aws_keyspaces_table",
      "name": "tbx0246_ctrl_cadl_clie",
      "provider": "provider[\"registry.terraform.io/hashicorp/aws\"]",
      "instances": [
        {
          "schema_version": 0,
          "attributes": {
            "arn": "arn:aws:cassandra:us-east-1:140023369634:/keyspace/presentekeyspaces/table/tbx0246_ctrl_cadl_clie",
            "capacity_specification": [
              {
                "read_capacity_units": 0,
                "throughput_mode": "PAY_PER_REQUEST",
                "write_capacity_units": 0
              }
            ],
            "client_side_timestamps": [],
            "comment": [
              {
                "message": ""
              }
            ],
            "default_time_to_live": 0,
            "encryption_specification": [
              {
                "kms_key_identifier": "",
                "type": "AWS_OWNED_KMS_KEY"
              }
            ],
            "id": "presentekeyspaces/tbx0246_ctrl_cadl_clie",
            "keyspace_name": "presentekeyspaces",
            "point_in_time_recovery": [
              {
                "status": "DISABLED"
              }
            ],
            "schema_definition": [
              {
                "clustering_key": [],
                "column": [
                  {
                    "name": "cod_idef_tel_pess",
                    "type": "text"
                  },
                  {
                    "name": "cod_tipo_pess",
                    "type": "text"
                  },
                  {
                    "name": "num_cpf_cnpj",
                    "type": "text"
                  },
                  {
                    "name": "txt_objt_tel_pess",
                    "type": "text"
                  }
                ],
                "partition_key": [
                  {
                    "name": "cod_idef_tel_pess"
                  }
                ],
                "static_column": []
              }
            ],
            "table_name": "tbx0246_ctrl_cadl_clie",
            "tags": {
              "Project": "painel-autorizador-debito"
            },
            "tags_all": {
              "Project": "painel-autorizador-debito"
            },
            "timeouts": null,
            "ttl": []
          },
          "sensitive_attributes": [],
          "private": "eyJlMmJmYjczMC1lY2FhLTExZTYtOGY4OC0zNDM2M2JjN2M0YzAiOnsiY3JlYXRlIjo2MDAwMDAwMDAwMDAsImRlbGV0ZSI6NjAwMDAwMDAwMDAwLCJ1cGRhdGUiOjE4MDAwMDAwMDAwMDB9fQ==",
          "dependencies": [
            "aws_keyspaces_keyspace.presente"
          ]
        }
      ]
    },
    {
      "mode": "managed",
      "type": "aws_keyspaces_table",
      "name": "tbx0247_ctrl_cadl_cont",
      "provider": "provider[\"registry.terraform.io/hashicorp/aws\"]",
      "instances": [
        {
          "schema_version": 0,
          "attributes": {
            "arn": "arn:aws:cassandra:us-east-1:140023369634:/keyspace/presentekeyspaces/table/tbx0247_ctrl_cadl_cont",
            "capacity_specification": [
              {
                "read_capacity_units": 0,
                "throughput_mode": "PAY_PER_REQUEST",
                "write_capacity_units": 0
              }
            ],
            "client_side_timestamps": [],
            "comment": [
              {
                "message": ""
              }
            ],
            "default_time_to_live": 0,
            "encryption_specification": [
              {
                "kms_key_identifier": "",
                "type": "AWS_OWNED_KMS_KEY"
              }
            ],
            "id": "presentekeyspaces/tbx0247_ctrl_cadl_cont",
            "keyspace_name": "presentekeyspaces",
            "point_in_time_recovery": [
              {
                "status": "DISABLED"
              }
            ],
            "schema_definition": [
              {
                "clustering_key": [],
                "column": [
                  {
                    "name": "agencia",
                    "type": "text"
                  },
                  {
                    "name": "codbanco",
                    "type": "text"
                  },
                  {
                    "name": "conta",
                    "type": "text"
                  },
                  {
                    "name": "dac10",
                    "type": "text"
                  },
                  {
                    "name": "num_titr_cont",
                    "type": "int"
                  },
                  {
                    "name": "tpempres",
                    "type": "text"
                  },
                  {
                    "name": "txt_objt_cont",
                    "type": "text"
                  }
                ],
                "partition_key": [
                  {
                    "name": "agencia"
                  },
                  {
                    "name": "codbanco"
                  },
                  {
                    "name": "conta"
                  },
                  {
                    "name": "dac10"
                  },
                  {
                    "name": "num_titr_cont"
                  },
                  {
                    "name": "tpempres"
                  }
                ],
                "static_column": []
              }
            ],
            "table_name": "tbx0247_ctrl_cadl_cont",
            "tags": {
              "Project": "painel-autorizador-debito"
            },
            "tags_all": {
              "Project": "painel-autorizador-debito"
            },
            "timeouts": null,
            "ttl": []
          },
          "sensitive_attributes": [],
          "private": "eyJlMmJmYjczMC1lY2FhLTExZTYtOGY4OC0zNDM2M2JjN2M0YzAiOnsiY3JlYXRlIjo2MDAwMDAwMDAwMDAsImRlbGV0ZSI6NjAwMDAwMDAwMDAwLCJ1cGRhdGUiOjE4MDAwMDAwMDAwMDB9fQ==",
          "dependencies": [
            "aws_keyspaces_keyspace.presente"
          ]
        }
      ]
    }
  ],
  "check_results": null
}
